
Microsoft Visual Studio Solution File, Format Version 12.00
# Visual Studio Version 17
VisualStudioVersion = 17.12.35527.113
MinimumVisualStudioVersion = 10.0.40219.1
Project("{FAE04EC0-301F-11D3-BF4B-00C04F79EFBC}") = "PhraseGeneratorTest", "PhraseGeneratorTest\PhraseGeneratorTest.csproj", "{26B4101B-368C-43C2-8114-0BDC8B20350F}"
EndProject
Project("{FAE04EC0-301F-11D3-BF4B-00C04F79EFBC}") = "PhraseGeneratorDomain", "PhraseGeneratorService\PhraseGeneratorDomain.csproj", "{5FD3168A-CBC4-494D-A9F2-83519A01A899}"
EndProject
Project("{FAE04EC0-301F-11D3-BF4B-00C04F79EFBC}") = "PhraseGeneratorRepository", "PhraseGeneratorRepository\PhraseGeneratorRepository.csproj", "{597D5F1B-7518-4954-82FF-046B4FD7C543}"
EndProject
Project("{FAE04EC0-301F-11D3-BF4B-00C04F79EFBC}") = "PhraseGeneratorAPI", "PhraseGenerator\PhraseGeneratorAPI.csproj", "{F99A869F-0DB7-4C15-B2FA-53EA628002C4}"
EndProject
Project("{2150E333-8FDC-42A3-9474-1A3956D46DE8}") = "4 - Test", "4 - Test", "{EF430B46-A0E7-42C1-9EB4-D73E46D20978}"
EndProject
Project("{2150E333-8FDC-42A3-9474-1A3956D46DE8}") = "2 - Domain", "2 - Domain", "{CCB61BAF-4BEF-4C10-8C73-179A3EA12006}"
EndProject
Project("{2150E333-8FDC-42A3-9474-1A3956D46DE8}") = "1 - API", "1 - API", "{18D4CD8A-95B4-4DAF-A512-6F597438370B}"
EndProject
Project("{2150E333-8FDC-42A3-9474-1A3956D46DE8}") = "3 - Repository", "3 - Repository", "{4EF956AF-0FAB-4A2A-8CF7-54338ABA8CB8}"
EndProject
Global
	GlobalSection(SolutionConfigurationPlatforms) = preSolution
		Debug|Any CPU = Debug|Any CPU
		Release|Any CPU = Release|Any CPU
	EndGlobalSection
	GlobalSection(ProjectConfigurationPlatforms) = postSolution
		{26B4101B-368C-43C2-8114-0BDC8B20350F}.Debug|Any CPU.ActiveCfg = Debug|Any CPU
		{26B4101B-368C-43C2-8114-0BDC8B20350F}.Debug|Any CPU.Build.0 = Debug|Any CPU
		{26B4101B-368C-43C2-8114-0BDC8B20350F}.Release|Any CPU.ActiveCfg = Release|Any CPU
		{26B4101B-368C-43C2-8114-0BDC8B20350F}.Release|Any CPU.Build.0 = Release|Any CPU
		{5FD3168A-CBC4-494D-A9F2-83519A01A899}.Debug|Any CPU.ActiveCfg = Debug|Any CPU
		{5FD3168A-CBC4-494D-A9F2-83519A01A899}.Debug|Any CPU.Build.0 = Debug|Any CPU
		{5FD3168A-CBC4-494D-A9F2-83519A01A899}.Release|Any CPU.ActiveCfg = Release|Any CPU
		{5FD3168A-CBC4-494D-A9F2-83519A01A899}.Release|Any CPU.Build.0 = Release|Any CPU
		{597D5F1B-7518-4954-82FF-046B4FD7C543}.Debug|Any CPU.ActiveCfg = Debug|Any CPU
		{597D5F1B-7518-4954-82FF-046B4FD7C543}.Debug|Any CPU.Build.0 = Debug|Any CPU
		{597D5F1B-7518-4954-82FF-046B4FD7C543}.Release|Any CPU.ActiveCfg = Release|Any CPU
		{597D5F1B-7518-4954-82FF-046B4FD7C543}.Release|Any CPU.Build.0 = Release|Any CPU
		{F99A869F-0DB7-4C15-B2FA-53EA628002C4}.Debug|Any CPU.ActiveCfg = Debug|Any CPU
		{F99A869F-0DB7-4C15-B2FA-53EA628002C4}.Debug|Any CPU.Build.0 = Debug|Any CPU
		{F99A869F-0DB7-4C15-B2FA-53EA628002C4}.Release|Any CPU.ActiveCfg = Release|Any CPU
		{F99A869F-0DB7-4C15-B2FA-53EA628002C4}.Release|Any CPU.Build.0 = Release|Any CPU
	EndGlobalSection
	GlobalSection(SolutionProperties) = preSolution
		HideSolutionNode = FALSE
	EndGlobalSection
	GlobalSection(NestedProjects) = preSolution
		{26B4101B-368C-43C2-8114-0BDC8B20350F} = {EF430B46-A0E7-42C1-9EB4-D73E46D20978}
		{5FD3168A-CBC4-494D-A9F2-83519A01A899} = {CCB61BAF-4BEF-4C10-8C73-179A3EA12006}
		{597D5F1B-7518-4954-82FF-046B4FD7C543} = {4EF956AF-0FAB-4A2A-8CF7-54338ABA8CB8}
		{F99A869F-0DB7-4C15-B2FA-53EA628002C4} = {18D4CD8A-95B4-4DAF-A512-6F597438370B}
	EndGlobalSection
EndGlobal
